
Microsoft Visual Studio Solution File, Format Version 12.00
# Visual Studio Version 17
VisualStudioVersion = 17.13.35919.96 d17.13
MinimumVisualStudioVersion = 10.0.40219.1
Project("{FAE04EC0-301F-11D3-BF4B-00C04F79EFBC}") = "BrionesKent2A", "BrionesKent2A.csproj", "{21F1EE87-575E-4CB4-AD8F-CDC1F4E57396}"
EndProject
Global
	GlobalSection(SolutionConfigurationPlatforms) = preSolution
		Debug|Any CPU = Debug|Any CPU
		Release|Any CPU = Release|Any CPU
	EndGlobalSection
	GlobalSection(ProjectConfigurationPlatforms) = postSolution
		{21F1EE87-575E-4CB4-AD8F-CDC1F4E57396}.Debug|Any CPU.ActiveCfg = Debug|Any CPU
		{21F1EE87-575E-4CB4-AD8F-CDC1F4E57396}.Debug|Any CPU.Build.0 = Debug|Any CPU
		{21F1EE87-575E-4CB4-AD8F-CDC1F4E57396}.Release|Any CPU.ActiveCfg = Release|Any CPU
		{21F1EE87-575E-4CB4-AD8F-CDC1F4E57396}.Release|Any CPU.Build.0 = Release|Any CPU
	EndGlobalSection
	GlobalSection(SolutionProperties) = preSolution
		HideSolutionNode = FALSE
	EndGlobalSection
	GlobalSection(ExtensibilityGlobals) = postSolution
		SolutionGuid = {F7A73AC2-115D-4E71-B925-2EC48F1C311E}
	EndGlobalSection
EndGlobal
